
Microsoft Visual Studio Solution File, Format Version 12.00
# Visual Studio Version 17
VisualStudioVersion = 17.10.34928.147
MinimumVisualStudioVersion = 10.0.40219.1
Project("{FAE04EC0-301F-11D3-BF4B-00C04F79EFBC}") = "NewTalents", "NewTalents\NewTalents.csproj", "{0151354D-1DA0-4D6B-B9AB-B4291B11D507}"
EndProject
Project("{FAE04EC0-301F-11D3-BF4B-00C04F79EFBC}") = "TesteNewTalents", "TesteNewTalents\TesteNewTalents.csproj", "{180CFDCB-015C-45E5-A219-166EE71A830D}"
EndProject
Global
	GlobalSection(SolutionConfigurationPlatforms) = preSolution
		Debug|Any CPU = Debug|Any CPU
		Release|Any CPU = Release|Any CPU
	EndGlobalSection
	GlobalSection(ProjectConfigurationPlatforms) = postSolution
		{0151354D-1DA0-4D6B-B9AB-B4291B11D507}.Debug|Any CPU.ActiveCfg = Debug|Any CPU
		{0151354D-1DA0-4D6B-B9AB-B4291B11D507}.Debug|Any CPU.Build.0 = Debug|Any CPU
		{0151354D-1DA0-4D6B-B9AB-B4291B11D507}.Release|Any CPU.ActiveCfg = Release|Any CPU
		{0151354D-1DA0-4D6B-B9AB-B4291B11D507}.Release|Any CPU.Build.0 = Release|Any CPU
		{180CFDCB-015C-45E5-A219-166EE71A830D}.Debug|Any CPU.ActiveCfg = Debug|Any CPU
		{180CFDCB-015C-45E5-A219-166EE71A830D}.Debug|Any CPU.Build.0 = Debug|Any CPU
		{180CFDCB-015C-45E5-A219-166EE71A830D}.Release|Any CPU.ActiveCfg = Release|Any CPU
		{180CFDCB-015C-45E5-A219-166EE71A830D}.Release|Any CPU.Build.0 = Release|Any CPU
	EndGlobalSection
	GlobalSection(SolutionProperties) = preSolution
		HideSolutionNode = FALSE
	EndGlobalSection
	GlobalSection(ExtensibilityGlobals) = postSolution
		SolutionGuid = {A88CEE5A-A6DA-4A76-A7B1-0D92B9BC6AE7}
	EndGlobalSection
EndGlobal
